
Microsoft Visual Studio Solution File, Format Version 12.00
# Visual Studio 14
VisualStudioVersion = 14.0.24720.0
MinimumVisualStudioVersion = 10.0.40219.1
Project("{FAE04EC0-301F-11D3-BF4B-00C04F79EFBC}") = "Notification", "Notification\Notification.csproj", "{8DE1868D-D536-46B2-96F1-88A1BF84B889}"
EndProject
Project("{FAE04EC0-301F-11D3-BF4B-00C04F79EFBC}") = "Client", "Client\Client.csproj", "{5EB804D8-7570-4752-AC51-1B0A7AF1AA5F}"
EndProject
Project("{FAE04EC0-301F-11D3-BF4B-00C04F79EFBC}") = "NotificationCore", "NotificationCore\NotificationCore.csproj", "{8537BE2D-4A40-4D5B-A6C7-DC71502456DF}"
EndProject
Project("{FAE04EC0-301F-11D3-BF4B-00C04F79EFBC}") = "B roadCastNotification", "Recursividad\B roadCastNotification.csproj", "{2FD81137-CF9F-406A-A245-3EACD49A3E87}"
EndProject
Global
	GlobalSection(SolutionConfigurationPlatforms) = preSolution
		Debug|Any CPU = Debug|Any CPU
		Release|Any CPU = Release|Any CPU
	EndGlobalSection
	GlobalSection(ProjectConfigurationPlatforms) = postSolution
		{8DE1868D-D536-46B2-96F1-88A1BF84B889}.Debug|Any CPU.ActiveCfg = Debug|Any CPU
		{8DE1868D-D536-46B2-96F1-88A1BF84B889}.Debug|Any CPU.Build.0 = Debug|Any CPU
		{8DE1868D-D536-46B2-96F1-88A1BF84B889}.Release|Any CPU.ActiveCfg = Release|Any CPU
		{8DE1868D-D536-46B2-96F1-88A1BF84B889}.Release|Any CPU.Build.0 = Release|Any CPU
		{5EB804D8-7570-4752-AC51-1B0A7AF1AA5F}.Debug|Any CPU.ActiveCfg = Debug|Any CPU
		{5EB804D8-7570-4752-AC51-1B0A7AF1AA5F}.Debug|Any CPU.Build.0 = Debug|Any CPU
		{5EB804D8-7570-4752-AC51-1B0A7AF1AA5F}.Release|Any CPU.ActiveCfg = Release|Any CPU
		{5EB804D8-7570-4752-AC51-1B0A7AF1AA5F}.Release|Any CPU.Build.0 = Release|Any CPU
		{8537BE2D-4A40-4D5B-A6C7-DC71502456DF}.Debug|Any CPU.ActiveCfg = Debug|Any CPU
		{8537BE2D-4A40-4D5B-A6C7-DC71502456DF}.Debug|Any CPU.Build.0 = Debug|Any CPU
		{8537BE2D-4A40-4D5B-A6C7-DC71502456DF}.Release|Any CPU.ActiveCfg = Release|Any CPU
		{8537BE2D-4A40-4D5B-A6C7-DC71502456DF}.Release|Any CPU.Build.0 = Release|Any CPU
		{2FD81137-CF9F-406A-A245-3EACD49A3E87}.Debug|Any CPU.ActiveCfg = Debug|Any CPU
		{2FD81137-CF9F-406A-A245-3EACD49A3E87}.Debug|Any CPU.Build.0 = Debug|Any CPU
		{2FD81137-CF9F-406A-A245-3EACD49A3E87}.Release|Any CPU.ActiveCfg = Release|Any CPU
		{2FD81137-CF9F-406A-A245-3EACD49A3E87}.Release|Any CPU.Build.0 = Release|Any CPU
	EndGlobalSection
	GlobalSection(SolutionProperties) = preSolution
		HideSolutionNode = FALSE
	EndGlobalSection
EndGlobal
